<?xml version="1.0" encoding="utf-8"?>
<Project ToolsVersion="12.0" xmlns="http://schemas.microsoft.com/developer/msbuild/2003">
  <ItemGroup>
    <Filter Include="Resource Files">
      <UniqueIdentifier>{67DA6AB6-F800-4c08-8B7A-83BB121AAD01}</UniqueIdentifier>
      <Extensions>rc;ico;cur;bmp;dlg;rc2;rct;bin;rgs;gif;jpg;jpeg;jpe;resx;tga;tiff;tif;png;wav;mfcribbon-ms</Extensions>
    </Filter>
    <Filter Include="Header Files">
      <UniqueIdentifier>{59f65d6a-aa17-443d-a0a6-2c3569cd1375}</UniqueIdentifier>
    </Filter>
    <Filter Include="Source Files">
      <UniqueIdentifier>{890d8504-9586-4443-a71c-b27d94b98ea1}</UniqueIdentifier>
    </Filter>
    <Filter Include="Header Files\Camera">
      <UniqueIdentifier>{8e859d04-b9e2-4a70-b10e-b8e41c5080f6}</UniqueIdentifier>
    </Filter>
    <Filter Include="Header Files\Entity">
      <UniqueIdentifier>{2436d92d-d429-47fd-ba26-afb5450547ab}</UniqueIdentifier>
    </Filter>
    <Filter Include="Header Files\Defines">
      <UniqueIdentifier>{262c4fc7-2ab4-409d-ac39-cb1d8ea413ee}</UniqueIdentifier>
    </Filter>
    <Filter Include="Header Files\D3D">
      <UniqueIdentifier>{eb8ee111-3433-4ce3-a1f7-5bd309f5f66f}</UniqueIdentifier>
    </Filter>
    <Filter Include="Header Files\Game">
      <UniqueIdentifier>{4e53885d-358c-4b54-b2c3-9d85adb86797}</UniqueIdentifier>
    </Filter>
    <Filter Include="Header Files\Global">
      <UniqueIdentifier>{69960134-4623-4874-92d0-e209def11456}</UniqueIdentifier>
    </Filter>
    <Filter Include="Header Files\Logic">
      <UniqueIdentifier>{52a6ab97-7a90-4749-94b1-8660c29137c3}</UniqueIdentifier>
    </Filter>
    <Filter Include="Header Files\Resources">
      <UniqueIdentifier>{1441482f-42cc-4efb-af74-fbec4aadf850}</UniqueIdentifier>
    </Filter>
    <Filter Include="Header Files\State">
      <UniqueIdentifier>{3ec5c898-09d3-412f-9d8e-e9cd41591479}</UniqueIdentifier>
    </Filter>
    <Filter Include="Header Files\Sound">
      <UniqueIdentifier>{58398e04-9b7a-4616-b6d7-a98efa2e8853}</UniqueIdentifier>
    </Filter>
    <Filter Include="Header Files\Text">
      <UniqueIdentifier>{d61a8870-284b-4727-9f9e-91ebaff48216}</UniqueIdentifier>
    </Filter>
    <Filter Include="Header Files\XML">
      <UniqueIdentifier>{c3e01d82-a825-4c57-bfd3-2eb967bccdac}</UniqueIdentifier>
    </Filter>
    <Filter Include="Source Files\Camera">
      <UniqueIdentifier>{cc11ee47-8983-498b-a83d-3d35895e9c8f}</UniqueIdentifier>
    </Filter>
    <Filter Include="Source Files\Entity">
      <UniqueIdentifier>{b3441732-0f4a-4830-b3de-5689bac637a8}</UniqueIdentifier>
    </Filter>
    <Filter Include="Source Files\Defines">
      <UniqueIdentifier>{81ae2a9f-ac3b-44e3-a4aa-e530e50b6b83}</UniqueIdentifier>
    </Filter>
    <Filter Include="Source Files\D3D">
      <UniqueIdentifier>{a9ce2455-aba6-413e-b750-8ce4f2a51ced}</UniqueIdentifier>
    </Filter>
    <Filter Include="Source Files\Game">
      <UniqueIdentifier>{9c7b7103-8ba9-4b81-acec-f7874d9dc7d0}</UniqueIdentifier>
    </Filter>
    <Filter Include="Source Files\Global">
      <UniqueIdentifier>{d2ed5024-ecf9-4357-848d-a3cd01fc44b3}</UniqueIdentifier>
    </Filter>
    <Filter Include="Source Files\Logic">
      <UniqueIdentifier>{7e050397-be71-47a3-b374-f7b62d738617}</UniqueIdentifier>
    </Filter>
    <Filter Include="Source Files\Text">
      <UniqueIdentifier>{13d787d3-0005-45be-a1b0-cf3d28529f8b}</UniqueIdentifier>
    </Filter>
    <Filter Include="Source Files\Sound">
      <UniqueIdentifier>{2af00a0a-ffac-44e8-b318-414cdf43fd58}</UniqueIdentifier>
    </Filter>
    <Filter Include="Source Files\State">
      <UniqueIdentifier>{9985f2ce-35e2-4cbb-8606-9c694bab669a}</UniqueIdentifier>
    </Filter>
    <Filter Include="Source Files\Resources">
      <UniqueIdentifier>{cf26177c-d2bc-45eb-8fe0-f9cc9269ac52}</UniqueIdentifier>
    </Filter>
  </ItemGroup>
  <ItemGroup>
    <ClInclude Include="..\..\Source\BaseCamera.h">
      <Filter>Header Files\Camera</Filter>
    </ClInclude>
    <ClInclude Include="..\..\Source\Camera.h">
      <Filter>Header Files\Camera</Filter>
    </ClInclude>
    <ClInclude Include="..\..\Source\LookAtCamera.h">
      <Filter>Header Files\Camera</Filter>
    </ClInclude>
    <ClInclude Include="..\..\Source\AnimatedSprite.h">
      <Filter>Header Files\Entity</Filter>
    </ClInclude>
    <ClInclude Include="..\..\Source\AnimatedSpritePhysic.h">
      <Filter>Header Files\Entity</Filter>
    </ClInclude>
    <ClInclude Include="..\..\Source\Entity2D.h">
      <Filter>Header Files\Entity</Filter>
    </ClInclude>
    <ClInclude Include="..\..\Source\EntityFactory.h">
      <Filter>Header Files\Entity</Filter>
    </ClInclude>
    <ClInclude Include="..\..\Source\Sprite.h">
      <Filter>Header Files\Entity</Filter>
    </ClInclude>
    <ClInclude Include="..\..\Source\ConvertUtils.h">
      <Filter>Header Files\Defines</Filter>
    </ClInclude>
    <ClInclude Include="..\..\Source\DebugDefine.h">
      <Filter>Header Files\Defines</Filter>
    </ClInclude>
    <ClInclude Include="..\..\Source\FPSLimiter.h">
      <Filter>Header Files\Defines</Filter>
    </ClInclude>
    <ClInclude Include="..\..\Source\InputHandler.h">
      <Filter>Header Files\Defines</Filter>
    </ClInclude>
    <ClInclude Include="..\..\Source\BasicTimer.h">
      <Filter>Header Files\D3D</Filter>
    </ClInclude>
    <ClInclude Include="..\..\Source\DDS.h">
      <Filter>Header Files\D3D</Filter>
    </ClInclude>
    <ClInclude Include="..\..\Source\Direct3DBase.h">
      <Filter>Header Files\D3D</Filter>
    </ClInclude>
    <ClInclude Include="..\..\Source\DirectXHelper.h">
      <Filter>Header Files\D3D</Filter>
    </ClInclude>
    <ClInclude Include="..\..\Source\Game.h">
      <Filter>Header Files\Game</Filter>
    </ClInclude>
    <ClInclude Include="..\..\Source\Global.h">
      <Filter>Header Files\Global</Filter>
    </ClInclude>
    <ClInclude Include="..\..\Source\Loader.h">
      <Filter>Header Files\D3D</Filter>
    </ClInclude>
    <ClInclude Include="..\..\Source\Utils.h">
      <Filter>Header Files\Defines</Filter>
    </ClInclude>
    <ClInclude Include="..\..\Source\Vertex.h">
      <Filter>Header Files\Defines</Filter>
    </ClInclude>
    <ClInclude Include="..\..\Source\PathFinder.h">
      <Filter>Header Files\Logic</Filter>
    </ClInclude>
    <ClInclude Include="..\..\Source\Mesh2D.h">
      <Filter>Header Files\Resources</Filter>
    </ClInclude>
    <ClInclude Include="..\..\Source\Model2D.h">
      <Filter>Header Files\Resources</Filter>
    </ClInclude>
    <ClInclude Include="..\..\Source\rapidxml.hpp">
      <Filter>Header Files\XML</Filter>
    </ClInclude>
    <ClInclude Include="..\..\Source\rapidxml_iterators.hpp">
      <Filter>Header Files\XML</Filter>
    </ClInclude>
    <ClInclude Include="..\..\Source\rapidxml_print.hpp">
      <Filter>Header Files\XML</Filter>
    </ClInclude>
    <ClInclude Include="..\..\Source\rapidxml_utils.hpp">
      <Filter>Header Files\XML</Filter>
    </ClInclude>
    <ClInclude Include="..\..\Source\Texture.h">
      <Filter>Header Files\Resources</Filter>
    </ClInclude>
    <ClInclude Include="..\..\Source\RectangleMesh.h">
      <Filter>Header Files\Resources</Filter>
    </ClInclude>
    <ClInclude Include="..\..\Source\Resource.h">
      <Filter>Header Files\Resources</Filter>
    </ClInclude>
    <ClInclude Include="..\..\Source\ResourceManager.h">
      <Filter>Header Files\Resources</Filter>
    </ClInclude>
    <ClInclude Include="..\..\Source\Shader.h">
      <Filter>Header Files\Resources</Filter>
    </ClInclude>
    <ClInclude Include="..\..\Source\Renderer.h">
      <Filter>Header Files\D3D</Filter>
    </ClInclude>
    <ClInclude Include="..\..\Source\State.h">
      <Filter>Header Files\State</Filter>
    </ClInclude>
    <ClInclude Include="..\..\Source\StateManager.h">
      <Filter>Header Files\State</Filter>
    </ClInclude>
    <ClInclude Include="..\..\Source\StateConfig.h">
      <Filter>Header Files\State</Filter>
    </ClInclude>
    <ClInclude Include="..\..\Source\StateMachine.h">
      <Filter>Header Files\State</Filter>
    </ClInclude>
    <ClInclude Include="..\..\Source\SoundManager.h">
      <Filter>Header Files\Sound</Filter>
    </ClInclude>
    <ClInclude Include="..\..\Source\TextRenderer.h">
      <Filter>Header Files\Text</Filter>
    </ClInclude>
    <ClInclude Include="..\..\Source\RandomAccessReader.h">
      <Filter>Source Files\D3D</Filter>
    </ClInclude>
    <ClInclude Include="..\..\Source\SoundFileReader.h">
      <Filter>Source Files\D3D</Filter>
    </ClInclude>
  </ItemGroup>
  <ItemGroup>
    <ClCompile Include="..\..\Source\AnimatedSprite.cpp">
      <Filter>Source Files\Entity</Filter>
    </ClCompile>
    <ClCompile Include="..\..\Source\AnimatedSpritePhysics.cpp">
      <Filter>Source Files\Entity</Filter>
    </ClCompile>
    <ClCompile Include="..\..\Source\BaseCamera.cpp">
      <Filter>Source Files\Camera</Filter>
    </ClCompile>
    <ClCompile Include="..\..\Source\Camera.cpp">
      <Filter>Source Files\Camera</Filter>
    </ClCompile>
    <ClCompile Include="..\..\Source\DDS.cpp">
      <Filter>Source Files\D3D</Filter>
    </ClCompile>
    <ClCompile Include="..\..\Source\Direct3DBase.cpp">
      <Filter>Source Files\D3D</Filter>
    </ClCompile>
    <ClCompile Include="..\..\Source\Entity2D.cpp">
      <Filter>Source Files\Entity</Filter>
    </ClCompile>
    <ClCompile Include="..\..\Source\EntityFactory.cpp">
      <Filter>Source Files\Entity</Filter>
    </ClCompile>
    <ClCompile Include="..\..\Source\FPSLimitter.cpp">
      <Filter>Source Files\Defines</Filter>
    </ClCompile>
    <ClCompile Include="..\..\Source\Game.cpp">
      <Filter>Source Files\Game</Filter>
    </ClCompile>
    <ClCompile Include="..\..\Source\Global.cpp">
      <Filter>Source Files\Global</Filter>
    </ClCompile>
    <ClCompile Include="..\..\Source\InputHandler.cpp">
      <Filter>Source Files\Defines</Filter>
    </ClCompile>
    <ClCompile Include="..\..\Source\Loader.cpp">
      <Filter>Source Files\D3D</Filter>
    </ClCompile>
    <ClCompile Include="..\..\Source\LookAtCamera.cpp">
      <Filter>Source Files\Camera</Filter>
    </ClCompile>
    <ClCompile Include="..\..\Source\Mesh2D.cpp">
      <Filter>Source Files\Resources</Filter>
    </ClCompile>
    <ClCompile Include="..\..\Source\Model2D.cpp">
      <Filter>Source Files\Resources</Filter>
    </ClCompile>
    <ClCompile Include="..\..\Source\PathFinder.cpp">
      <Filter>Source Files\Logic</Filter>
    </ClCompile>
    <ClCompile Include="..\..\Source\RectangleMesh.cpp">
      <Filter>Source Files\Resources</Filter>
    </ClCompile>
    <ClCompile Include="..\..\Source\Renderer.cpp">
      <Filter>Source Files\D3D</Filter>
    </ClCompile>
    <ClCompile Include="..\..\Source\Resource.cpp">
      <Filter>Source Files\Resources</Filter>
    </ClCompile>
    <ClCompile Include="..\..\Source\ResourceManager.cpp">
      <Filter>Source Files\Resources</Filter>
    </ClCompile>
    <ClCompile Include="..\..\Source\Shader.cpp">
      <Filter>Source Files\Resources</Filter>
    </ClCompile>
    <ClCompile Include="..\..\Source\SoundManager.cpp">
      <Filter>Source Files\Sound</Filter>
    </ClCompile>
    <ClCompile Include="..\..\Source\Sprite.cpp">
      <Filter>Source Files\Entity</Filter>
    </ClCompile>
    <ClCompile Include="..\..\Source\State.cpp">
      <Filter>Source Files\State</Filter>
    </ClCompile>
    <ClCompile Include="..\..\Source\StateConfig.cpp">
      <Filter>Source Files\State</Filter>
    </ClCompile>
    <ClCompile Include="..\..\Source\StateManager.cpp">
      <Filter>Source Files\State</Filter>
    </ClCompile>
    <ClCompile Include="..\..\Source\TextRenderer.cpp">
      <Filter>Source Files\Text</Filter>
    </ClCompile>
    <ClCompile Include="..\..\Source\Texture.cpp">
      <Filter>Source Files\Resources</Filter>
    </ClCompile>
    <ClCompile Include="..\..\Source\Utils.cpp">
      <Filter>Source Files\Defines</Filter>
    </ClCompile>
    <ClCompile Include="..\..\Source\RandomAccessReader.cpp">
      <Filter>Source Files\D3D</Filter>
    </ClCompile>
    <ClCompile Include="..\..\Source\SoundFileReader.cpp">
      <Filter>Source Files\D3D</Filter>
    </ClCompile>
  </ItemGroup>
  <ItemGroup>
    <Text Include="..\..\Source\RapidXML_license.txt">
      <Filter>Header Files\XML</Filter>
    </Text>
  </ItemGroup>
</Project>