<?xml version="1.0" encoding="utf-8"?>
<Project ToolsVersion="4.0" xmlns="http://schemas.microsoft.com/developer/msbuild/2003">
  <ItemGroup>
    <Filter Include="Source Files">
      <UniqueIdentifier>{4FC737F1-C7A5-4376-A066-2A32D752A2FF}</UniqueIdentifier>
      <Extensions>cpp;c;cc;cxx;def;odl;idl;hpj;bat;asm;asmx</Extensions>
    </Filter>
    <Filter Include="Header Files">
      <UniqueIdentifier>{93995380-89BD-4b04-88EB-625FBE52EBFB}</UniqueIdentifier>
      <Extensions>h;hpp;hxx;hm;inl;inc;xsd</Extensions>
    </Filter>
    <Filter Include="Resource Files">
      <UniqueIdentifier>{67DA6AB6-F800-4c08-8B7A-83BB121AAD01}</UniqueIdentifier>
      <Extensions>rc;ico;cur;bmp;dlg;rc2;rct;bin;rgs;gif;jpg;jpeg;jpe;resx;tiff;tif;png;wav;mfcribbon-ms</Extensions>
    </Filter>
    <Filter Include="Header Files\Camera">
      <UniqueIdentifier>{011df91c-f3d4-4db5-adb6-e54934745688}</UniqueIdentifier>
    </Filter>
    <Filter Include="Header Files\Entity">
      <UniqueIdentifier>{fe2d1ccc-ecaa-4b52-9cf9-d65938848b24}</UniqueIdentifier>
    </Filter>
    <Filter Include="Header Files\Define">
      <UniqueIdentifier>{b3fbabbc-68df-4920-a3e9-79c03227becc}</UniqueIdentifier>
    </Filter>
    <Filter Include="Header Files\Game">
      <UniqueIdentifier>{6812114b-70c2-4d04-ab8a-d065934f64ef}</UniqueIdentifier>
    </Filter>
    <Filter Include="Header Files\Globals">
      <UniqueIdentifier>{0ede4735-b48a-4892-8282-6a5ec75a0cb6}</UniqueIdentifier>
    </Filter>
    <Filter Include="Header Files\Logic">
      <UniqueIdentifier>{d28aba93-918d-48fa-ab0a-6db45d7f56f7}</UniqueIdentifier>
    </Filter>
    <Filter Include="Header Files\Resource">
      <UniqueIdentifier>{817d6599-c68a-45b3-99ac-dfd4a1bec004}</UniqueIdentifier>
    </Filter>
    <Filter Include="Header Files\State">
      <UniqueIdentifier>{3716e3ba-ae8c-4f5e-957f-cc12409ed3d2}</UniqueIdentifier>
    </Filter>
    <Filter Include="Source Files\Base">
      <UniqueIdentifier>{8de8891f-6756-4ef7-bf49-f8edf1cf362a}</UniqueIdentifier>
    </Filter>
    <Filter Include="Source Files\Camera">
      <UniqueIdentifier>{44a85d27-592f-415d-90ab-01e936bd35bd}</UniqueIdentifier>
    </Filter>
    <Filter Include="Source Files\Entity">
      <UniqueIdentifier>{fca691cf-a3a0-4f9f-abc3-0d18989bdde8}</UniqueIdentifier>
    </Filter>
    <Filter Include="Source Files\Define">
      <UniqueIdentifier>{0fc36b51-9aec-4ab0-9003-5a40da206357}</UniqueIdentifier>
    </Filter>
    <Filter Include="Source Files\Game">
      <UniqueIdentifier>{5bd7aac3-2612-4fb7-aea9-a95610d02fce}</UniqueIdentifier>
    </Filter>
    <Filter Include="Source Files\Globals">
      <UniqueIdentifier>{d817380a-921f-47b1-813c-6142165b5412}</UniqueIdentifier>
    </Filter>
    <Filter Include="Source Files\Logic">
      <UniqueIdentifier>{345c933c-1515-43ec-9e20-bd21ba6e670c}</UniqueIdentifier>
    </Filter>
    <Filter Include="Source Files\Resource">
      <UniqueIdentifier>{09f804e7-f125-4af5-ba16-26971a67a436}</UniqueIdentifier>
    </Filter>
    <Filter Include="Source Files\State">
      <UniqueIdentifier>{1c02601f-4f4a-41dd-af2c-808f7bc55a6e}</UniqueIdentifier>
    </Filter>
    <Filter Include="Source Files\Sound">
      <UniqueIdentifier>{df726baf-6554-458a-8cbe-57226b35a755}</UniqueIdentifier>
    </Filter>
    <Filter Include="Header Files\Sound">
      <UniqueIdentifier>{df57f61a-d71e-4d1e-aea1-a2ec8023078b}</UniqueIdentifier>
    </Filter>
    <Filter Include="Header Files\TypeText">
      <UniqueIdentifier>{0b6096a5-38d7-48e7-a0b6-d7dd6f088de9}</UniqueIdentifier>
    </Filter>
    <Filter Include="Source Files\TypeText">
      <UniqueIdentifier>{c9ec637e-049c-4c67-a98d-e8256e439e4c}</UniqueIdentifier>
    </Filter>
    <Filter Include="Header Files\RapidXML">
      <UniqueIdentifier>{c89593bc-048c-4819-b119-de7c8c0887df}</UniqueIdentifier>
    </Filter>
    <Filter Include="Header Files\Win8">
      <UniqueIdentifier>{70a35146-5fa5-4a3f-bcd0-f36b1df562a5}</UniqueIdentifier>
    </Filter>
    <Filter Include="Source Files\Win8">
      <UniqueIdentifier>{44edd651-7a78-4526-8990-6bff090748d6}</UniqueIdentifier>
    </Filter>
  </ItemGroup>
  <ItemGroup>
    <ClInclude Include="..\..\Source\LookAtCamera.h">
      <Filter>Header Files\Camera</Filter>
    </ClInclude>
    <ClInclude Include="..\..\Source\Camera.h">
      <Filter>Header Files\Camera</Filter>
    </ClInclude>
    <ClInclude Include="..\..\Source\BaseCamera.h">
      <Filter>Header Files\Camera</Filter>
    </ClInclude>
    <ClInclude Include="..\..\Source\ConvertUtils.h">
      <Filter>Header Files\Define</Filter>
    </ClInclude>
    <ClInclude Include="..\..\Source\DebugDefine.h">
      <Filter>Header Files\Define</Filter>
    </ClInclude>
    <ClInclude Include="..\..\Source\FPSLimiter.h">
      <Filter>Header Files\Define</Filter>
    </ClInclude>
    <ClInclude Include="..\..\Source\InputHandler.h">
      <Filter>Header Files\Define</Filter>
    </ClInclude>
    <ClInclude Include="..\..\Source\Utils.h">
      <Filter>Header Files\Define</Filter>
    </ClInclude>
    <ClInclude Include="..\..\Source\Vertex.h">
      <Filter>Header Files\Define</Filter>
    </ClInclude>
    <ClInclude Include="..\..\Source\AnimatedSprite.h">
      <Filter>Header Files\Entity</Filter>
    </ClInclude>
    <ClInclude Include="..\..\Source\AnimatedSpritePhysic.h">
      <Filter>Header Files\Entity</Filter>
    </ClInclude>
    <ClInclude Include="..\..\Source\Entity2D.h">
      <Filter>Header Files\Entity</Filter>
    </ClInclude>
    <ClInclude Include="..\..\Source\EntityFactory.h">
      <Filter>Header Files\Entity</Filter>
    </ClInclude>
    <ClInclude Include="..\..\Source\Sprite.h">
      <Filter>Header Files\Entity</Filter>
    </ClInclude>
    <ClInclude Include="..\..\Source\StateMachine.h">
      <Filter>Header Files\Entity</Filter>
    </ClInclude>
    <ClInclude Include="..\..\Source\Game.h">
      <Filter>Header Files\Game</Filter>
    </ClInclude>
    <ClInclude Include="..\..\Source\Global.h">
      <Filter>Header Files\Globals</Filter>
    </ClInclude>
    <ClInclude Include="..\..\Source\PathFinder.h">
      <Filter>Header Files\Logic</Filter>
    </ClInclude>
    <ClInclude Include="..\..\Source\rapidxml.hpp">
      <Filter>Header Files\RapidXML</Filter>
    </ClInclude>
    <ClInclude Include="..\..\Source\rapidxml_iterators.hpp">
      <Filter>Header Files\RapidXML</Filter>
    </ClInclude>
    <ClInclude Include="..\..\Source\rapidxml_print.hpp">
      <Filter>Header Files\RapidXML</Filter>
    </ClInclude>
    <ClInclude Include="..\..\Source\rapidxml_utils.hpp">
      <Filter>Header Files\RapidXML</Filter>
    </ClInclude>
    <ClInclude Include="..\..\Source\Mesh2D.h">
      <Filter>Header Files\Resource</Filter>
    </ClInclude>
    <ClInclude Include="..\..\Source\Model2D.h">
      <Filter>Header Files\Resource</Filter>
    </ClInclude>
    <ClInclude Include="..\..\Source\RectangleMesh.h">
      <Filter>Header Files\Resource</Filter>
    </ClInclude>
    <ClInclude Include="..\..\Source\Resource.h">
      <Filter>Header Files\Resource</Filter>
    </ClInclude>
    <ClInclude Include="..\..\Source\ResourceManager.h">
      <Filter>Header Files\Resource</Filter>
    </ClInclude>
    <ClInclude Include="..\..\Source\Shader.h">
      <Filter>Header Files\Resource</Filter>
    </ClInclude>
    <ClInclude Include="..\..\Source\Texture.h">
      <Filter>Header Files\Resource</Filter>
    </ClInclude>
    <ClInclude Include="..\..\Source\SoundManager.h">
      <Filter>Header Files\Sound</Filter>
    </ClInclude>
    <ClInclude Include="..\..\Source\State.h">
      <Filter>Header Files\State</Filter>
    </ClInclude>
    <ClInclude Include="..\..\Source\StateConfig.h">
      <Filter>Header Files\State</Filter>
    </ClInclude>
    <ClInclude Include="..\..\Source\StateManager.h">
      <Filter>Header Files\State</Filter>
    </ClInclude>
    <ClInclude Include="..\..\Source\TextRenderer.h">
      <Filter>Header Files\TypeText</Filter>
    </ClInclude>
    <ClInclude Include="..\..\Source\BasicTimer.h">
      <Filter>Header Files\Win8</Filter>
    </ClInclude>
    <ClInclude Include="..\..\Source\DDS.h">
      <Filter>Header Files\Win8</Filter>
    </ClInclude>
    <ClInclude Include="..\..\Source\Direct3DBase.h">
      <Filter>Header Files\Win8</Filter>
    </ClInclude>
    <ClInclude Include="..\..\Source\DirectXHelper.h">
      <Filter>Header Files\Win8</Filter>
    </ClInclude>
    <ClInclude Include="..\..\Source\Loader.h">
      <Filter>Header Files\Win8</Filter>
    </ClInclude>
    <ClInclude Include="..\..\Source\Renderer.h">
      <Filter>Header Files\Win8</Filter>
    </ClInclude>
  </ItemGroup>
  <ItemGroup>
    <ClCompile Include="..\..\Source\Main.cpp">
      <Filter>Source Files\Base</Filter>
    </ClCompile>
    <ClCompile Include="..\..\Source\BaseCamera.cpp">
      <Filter>Source Files\Camera</Filter>
    </ClCompile>
    <ClCompile Include="..\..\Source\Camera.cpp">
      <Filter>Source Files\Camera</Filter>
    </ClCompile>
    <ClCompile Include="..\..\Source\LookAtCamera.cpp">
      <Filter>Source Files\Camera</Filter>
    </ClCompile>
    <ClCompile Include="..\..\Source\FPSLimitter.cpp">
      <Filter>Source Files\Define</Filter>
    </ClCompile>
    <ClCompile Include="..\..\Source\InputHandler.cpp">
      <Filter>Source Files\Define</Filter>
    </ClCompile>
    <ClCompile Include="..\..\Source\Utils.cpp">
      <Filter>Source Files\Define</Filter>
    </ClCompile>
    <ClCompile Include="..\..\Source\AnimatedSprite.cpp">
      <Filter>Source Files\Entity</Filter>
    </ClCompile>
    <ClCompile Include="..\..\Source\AnimatedSpritePhysics.cpp">
      <Filter>Source Files\Entity</Filter>
    </ClCompile>
    <ClCompile Include="..\..\Source\Entity2D.cpp">
      <Filter>Source Files\Entity</Filter>
    </ClCompile>
    <ClCompile Include="..\..\Source\EntityFactory.cpp">
      <Filter>Source Files\Entity</Filter>
    </ClCompile>
    <ClCompile Include="..\..\Source\Sprite.cpp">
      <Filter>Source Files\Entity</Filter>
    </ClCompile>
    <ClCompile Include="..\..\Source\Game.cpp">
      <Filter>Source Files\Game</Filter>
    </ClCompile>
    <ClCompile Include="..\..\Source\Global.cpp">
      <Filter>Source Files\Globals</Filter>
    </ClCompile>
    <ClCompile Include="..\..\Source\PathFinder.cpp">
      <Filter>Source Files\Logic</Filter>
    </ClCompile>
    <ClCompile Include="..\..\Source\Mesh2D.cpp">
      <Filter>Source Files\Resource</Filter>
    </ClCompile>
    <ClCompile Include="..\..\Source\Model2D.cpp">
      <Filter>Source Files\Resource</Filter>
    </ClCompile>
    <ClCompile Include="..\..\Source\RectangleMesh.cpp">
      <Filter>Source Files\Resource</Filter>
    </ClCompile>
    <ClCompile Include="..\..\Source\Resource.cpp">
      <Filter>Source Files\Resource</Filter>
    </ClCompile>
    <ClCompile Include="..\..\Source\ResourceManager.cpp">
      <Filter>Source Files\Resource</Filter>
    </ClCompile>
    <ClCompile Include="..\..\Source\Shader.cpp">
      <Filter>Source Files\Resource</Filter>
    </ClCompile>
    <ClCompile Include="..\..\Source\Texture.cpp">
      <Filter>Source Files\Resource</Filter>
    </ClCompile>
    <ClCompile Include="..\..\Source\SoundManager.cpp">
      <Filter>Source Files\Sound</Filter>
    </ClCompile>
    <ClCompile Include="..\..\Source\State.cpp">
      <Filter>Source Files\State</Filter>
    </ClCompile>
    <ClCompile Include="..\..\Source\StateConfig.cpp">
      <Filter>Source Files\State</Filter>
    </ClCompile>
    <ClCompile Include="..\..\Source\StateManager.cpp">
      <Filter>Source Files\State</Filter>
    </ClCompile>
    <ClCompile Include="..\..\Source\TextRenderer.cpp">
      <Filter>Source Files\TypeText</Filter>
    </ClCompile>
    <ClCompile Include="..\..\Source\DDS.cpp">
      <Filter>Source Files\Win8</Filter>
    </ClCompile>
    <ClCompile Include="..\..\Source\Direct3DBase.cpp">
      <Filter>Source Files\Win8</Filter>
    </ClCompile>
    <ClCompile Include="..\..\Source\Loader.cpp">
      <Filter>Source Files\Win8</Filter>
    </ClCompile>
    <ClCompile Include="..\..\Source\Renderer.cpp">
      <Filter>Source Files\Win8</Filter>
    </ClCompile>
  </ItemGroup>
  <ItemGroup>
    <Text Include="..\..\Source\RapidXML_license.txt">
      <Filter>Header Files\RapidXML</Filter>
    </Text>
  </ItemGroup>
</Project>